
Microsoft Visual Studio Solution File, Format Version 12.00
# Visual Studio Version 17
VisualStudioVersion = 17.5.33502.453
MinimumVisualStudioVersion = 10.0.40219.1
Project("{2150E333-8FDC-42A3-9474-1A3956D46DE8}") = "Internal", "Internal", "{5DDE7E57-35F3-428E-BF14-EB5EC20D9C98}"
	ProjectSection(SolutionItems) = preProject
		Internal\.editorconfig = Internal\.editorconfig
	EndProjectSection
EndProject
Project("{2150E333-8FDC-42A3-9474-1A3956D46DE8}") = "Scripts", "Scripts", "{F5418ABB-213B-4CCF-AC5B-2E8C3AA11AB7}"
EndProject
Project("{2150E333-8FDC-42A3-9474-1A3956D46DE8}") = "Dlls", "Dlls", "{3BFAB0B5-B64F-467F-A5D2-8FB86602D65E}"
	ProjectSection(SolutionItems) = preProject
		Dlls\ABOUT.md = Dlls\ABOUT.md
	EndProjectSection
EndProject
Project("{2150E333-8FDC-42A3-9474-1A3956D46DE8}") = "CompanionFiles", "CompanionFiles", "{C2F489A8-95BB-44B1-A355-4D70CE72BFFE}"
EndProject
Project("{2150E333-8FDC-42A3-9474-1A3956D46DE8}") = "Skyline DataMiner", "Skyline DataMiner", "{59A056B2-D76C-4E40-96C3-B63377A386E3}"
	ProjectSection(SolutionItems) = preProject
		CompanionFiles\Skyline DataMiner\AboutThisFolder.md = CompanionFiles\Skyline DataMiner\AboutThisFolder.md
	EndProjectSection
EndProject
Project("{2150E333-8FDC-42A3-9474-1A3956D46DE8}") = "Documentation", "Documentation", "{9FA3F79D-E7CD-4923-BBCD-DD3E5BED0400}"
	ProjectSection(SolutionItems) = preProject
		Documentation\ABOUT.md = Documentation\ABOUT.md
		README.md = README.md
	EndProjectSection
EndProject
Project("{2150E333-8FDC-42A3-9474-1A3956D46DE8}") = "Tests", "Tests", "{F8938D60-51A0-4880-9CFC-19C66379BB5D}"
EndProject
Project("{2150E333-8FDC-42A3-9474-1A3956D46DE8}") = "Code Analysis", "Code Analysis", "{C2559537-FE64-4828-A0AB-3616E70E1B98}"
	ProjectSection(SolutionItems) = preProject
		Internal\Code Analysis\qaction-debug.ruleset = Internal\Code Analysis\qaction-debug.ruleset
		Internal\Code Analysis\qaction-release.ruleset = Internal\Code Analysis\qaction-release.ruleset
		Internal\Code Analysis\stylecop.json = Internal\Code Analysis\stylecop.json
	EndProjectSection
EndProject
Project("{2150E333-8FDC-42A3-9474-1A3956D46DE8}") = "HelloAutomationScript", "HelloAutomationScript", "{615BC1EA-1CE2-4994-9DFA-B799EF1F3382}"
	ProjectSection(SolutionItems) = preProject
		HelloAutomationScript.xml = HelloAutomationScript.xml
	EndProjectSection
EndProject
Project("{2150E333-8FDC-42A3-9474-1A3956D46DE8}") = "Actions", "Actions", "{A38300D5-00D2-4214-A230-94814A890B22}"
EndProject
Project("{9A19103F-16F7-4668-BE54-9A1E7A4F7556}") = "HelloAutomationScript_1", "HelloAutomationScript_1\HelloAutomationScript_1.csproj", "{C9EF7F1A-E839-4741-BB7C-15BB6960A1F4}"
EndProject
Global
	GlobalSection(SolutionConfigurationPlatforms) = preSolution
		Debug|Any CPU = Debug|Any CPU
		Release|Any CPU = Release|Any CPU
	EndGlobalSection
	GlobalSection(ProjectConfigurationPlatforms) = postSolution
		{C9EF7F1A-E839-4741-BB7C-15BB6960A1F4}.Debug|Any CPU.ActiveCfg = Debug|Any CPU
		{C9EF7F1A-E839-4741-BB7C-15BB6960A1F4}.Debug|Any CPU.Build.0 = Debug|Any CPU
		{C9EF7F1A-E839-4741-BB7C-15BB6960A1F4}.Release|Any CPU.ActiveCfg = Release|Any CPU
		{C9EF7F1A-E839-4741-BB7C-15BB6960A1F4}.Release|Any CPU.Build.0 = Release|Any CPU
	EndGlobalSection
	GlobalSection(SolutionProperties) = preSolution
		HideSolutionNode = FALSE
	EndGlobalSection
	GlobalSection(NestedProjects) = preSolution
		{59A056B2-D76C-4E40-96C3-B63377A386E3} = {C2F489A8-95BB-44B1-A355-4D70CE72BFFE}
		{C2559537-FE64-4828-A0AB-3616E70E1B98} = {5DDE7E57-35F3-428E-BF14-EB5EC20D9C98}
		{615BC1EA-1CE2-4994-9DFA-B799EF1F3382} = {F5418ABB-213B-4CCF-AC5B-2E8C3AA11AB7}
		{A38300D5-00D2-4214-A230-94814A890B22} = {615BC1EA-1CE2-4994-9DFA-B799EF1F3382}
		{C9EF7F1A-E839-4741-BB7C-15BB6960A1F4} = {A38300D5-00D2-4214-A230-94814A890B22}
	EndGlobalSection
	GlobalSection(ExtensibilityGlobals) = postSolution
		SolutionGuid = {614978E5-6452-459B-B330-6E009975FEB0}
	EndGlobalSection
EndGlobal
